
Microsoft Visual Studio Solution File, Format Version 12.00
# Visual Studio 15
VisualStudioVersion = 15.0.27428.2043
MinimumVisualStudioVersion = 10.0.40219.1
Project("{FAE04EC0-301F-11D3-BF4B-00C04F79EFBC}") = "curve25519-dotnet", "curve25519-dotnet\curve25519-dotnet.csproj", "{93E57A57-76B7-4B72-915F-DEB83B3F6793}"
EndProject
Project("{FAE04EC0-301F-11D3-BF4B-00C04F79EFBC}") = "curve25519-dotnet-tests", "curve25519-dotnet-tests\curve25519-dotnet-tests.csproj", "{E2BD5B37-DF04-46FD-A919-B60F08BBF0B3}"
	ProjectSection(ProjectDependencies) = postProject
		{93E57A57-76B7-4B72-915F-DEB83B3F6793} = {93E57A57-76B7-4B72-915F-DEB83B3F6793}
	EndProjectSection
EndProject
Global
	GlobalSection(SolutionConfigurationPlatforms) = preSolution
		Debug|Any CPU = Debug|Any CPU
		Debug|ARM = Debug|ARM
		Debug|x64 = Debug|x64
		Debug|x86 = Debug|x86
		Release|Any CPU = Release|Any CPU
		Release|ARM = Release|ARM
		Release|x64 = Release|x64
		Release|x86 = Release|x86
	EndGlobalSection
	GlobalSection(ProjectConfigurationPlatforms) = postSolution
		{93E57A57-76B7-4B72-915F-DEB83B3F6793}.Debug|Any CPU.ActiveCfg = Debug|Any CPU
		{93E57A57-76B7-4B72-915F-DEB83B3F6793}.Debug|Any CPU.Build.0 = Debug|Any CPU
		{93E57A57-76B7-4B72-915F-DEB83B3F6793}.Debug|ARM.ActiveCfg = Debug|Any CPU
		{93E57A57-76B7-4B72-915F-DEB83B3F6793}.Debug|ARM.Build.0 = Debug|Any CPU
		{93E57A57-76B7-4B72-915F-DEB83B3F6793}.Debug|x64.ActiveCfg = Debug|Any CPU
		{93E57A57-76B7-4B72-915F-DEB83B3F6793}.Debug|x64.Build.0 = Debug|Any CPU
		{93E57A57-76B7-4B72-915F-DEB83B3F6793}.Debug|x86.ActiveCfg = Debug|Any CPU
		{93E57A57-76B7-4B72-915F-DEB83B3F6793}.Debug|x86.Build.0 = Debug|Any CPU
		{93E57A57-76B7-4B72-915F-DEB83B3F6793}.Release|Any CPU.ActiveCfg = Release|Any CPU
		{93E57A57-76B7-4B72-915F-DEB83B3F6793}.Release|Any CPU.Build.0 = Release|Any CPU
		{93E57A57-76B7-4B72-915F-DEB83B3F6793}.Release|ARM.ActiveCfg = Release|Any CPU
		{93E57A57-76B7-4B72-915F-DEB83B3F6793}.Release|ARM.Build.0 = Release|Any CPU
		{93E57A57-76B7-4B72-915F-DEB83B3F6793}.Release|x64.ActiveCfg = Release|Any CPU
		{93E57A57-76B7-4B72-915F-DEB83B3F6793}.Release|x64.Build.0 = Release|Any CPU
		{93E57A57-76B7-4B72-915F-DEB83B3F6793}.Release|x86.ActiveCfg = Release|Any CPU
		{93E57A57-76B7-4B72-915F-DEB83B3F6793}.Release|x86.Build.0 = Release|Any CPU
		{E2BD5B37-DF04-46FD-A919-B60F08BBF0B3}.Debug|Any CPU.ActiveCfg = Debug|Any CPU
		{E2BD5B37-DF04-46FD-A919-B60F08BBF0B3}.Debug|Any CPU.Build.0 = Debug|Any CPU
		{E2BD5B37-DF04-46FD-A919-B60F08BBF0B3}.Debug|ARM.ActiveCfg = Debug|Any CPU
		{E2BD5B37-DF04-46FD-A919-B60F08BBF0B3}.Debug|ARM.Build.0 = Debug|Any CPU
		{E2BD5B37-DF04-46FD-A919-B60F08BBF0B3}.Debug|x64.ActiveCfg = Debug|Any CPU
		{E2BD5B37-DF04-46FD-A919-B60F08BBF0B3}.Debug|x64.Build.0 = Debug|Any CPU
		{E2BD5B37-DF04-46FD-A919-B60F08BBF0B3}.Debug|x86.ActiveCfg = Debug|Any CPU
		{E2BD5B37-DF04-46FD-A919-B60F08BBF0B3}.Debug|x86.Build.0 = Debug|Any CPU
		{E2BD5B37-DF04-46FD-A919-B60F08BBF0B3}.Release|Any CPU.ActiveCfg = Release|Any CPU
		{E2BD5B37-DF04-46FD-A919-B60F08BBF0B3}.Release|Any CPU.Build.0 = Release|Any CPU
		{E2BD5B37-DF04-46FD-A919-B60F08BBF0B3}.Release|ARM.ActiveCfg = Release|Any CPU
		{E2BD5B37-DF04-46FD-A919-B60F08BBF0B3}.Release|ARM.Build.0 = Release|Any CPU
		{E2BD5B37-DF04-46FD-A919-B60F08BBF0B3}.Release|x64.ActiveCfg = Release|Any CPU
		{E2BD5B37-DF04-46FD-A919-B60F08BBF0B3}.Release|x64.Build.0 = Release|Any CPU
		{E2BD5B37-DF04-46FD-A919-B60F08BBF0B3}.Release|x86.ActiveCfg = Release|Any CPU
		{E2BD5B37-DF04-46FD-A919-B60F08BBF0B3}.Release|x86.Build.0 = Release|Any CPU
	EndGlobalSection
	GlobalSection(SolutionProperties) = preSolution
		HideSolutionNode = FALSE
	EndGlobalSection
	GlobalSection(ExtensibilityGlobals) = postSolution
		SolutionGuid = {D7A99D94-DCDC-42DB-846E-8C7C206CDFE7}
	EndGlobalSection
EndGlobal
